
Microsoft Visual Studio Solution File, Format Version 12.00
# Visual Studio Version 16
VisualStudioVersion = 16.0.31402.337
MinimumVisualStudioVersion = 10.0.40219.1
Project("{9A19103F-16F7-4668-BE54-9A1E7A4F7556}") = "appTutorial", "appTutorial\appTutorial.csproj", "{969DCCC4-7F7D-40DC-97CD-B2FABCE8E6E6}"
EndProject
Project("{FAE04EC0-301F-11D3-BF4B-00C04F79EFBC}") = "appTutorial.Domain", "appTutorial.Domain\appTutorial.Domain.csproj", "{195E78C6-42DB-4C7C-887E-BC0A32455C91}"
EndProject
Project("{FAE04EC0-301F-11D3-BF4B-00C04F79EFBC}") = "appTutorial.EntityFramework", "appTutorial.EntityFramework\appTutorial.EntityFramework.csproj", "{7061A58E-3149-4749-AE9A-B12CB81692D8}"
EndProject
Global
	GlobalSection(SolutionConfigurationPlatforms) = preSolution
		Debug|Any CPU = Debug|Any CPU
		Release|Any CPU = Release|Any CPU
	EndGlobalSection
	GlobalSection(ProjectConfigurationPlatforms) = postSolution
		{969DCCC4-7F7D-40DC-97CD-B2FABCE8E6E6}.Debug|Any CPU.ActiveCfg = Debug|Any CPU
		{969DCCC4-7F7D-40DC-97CD-B2FABCE8E6E6}.Debug|Any CPU.Build.0 = Debug|Any CPU
		{969DCCC4-7F7D-40DC-97CD-B2FABCE8E6E6}.Release|Any CPU.ActiveCfg = Release|Any CPU
		{969DCCC4-7F7D-40DC-97CD-B2FABCE8E6E6}.Release|Any CPU.Build.0 = Release|Any CPU
		{195E78C6-42DB-4C7C-887E-BC0A32455C91}.Debug|Any CPU.ActiveCfg = Debug|Any CPU
		{195E78C6-42DB-4C7C-887E-BC0A32455C91}.Debug|Any CPU.Build.0 = Debug|Any CPU
		{195E78C6-42DB-4C7C-887E-BC0A32455C91}.Release|Any CPU.ActiveCfg = Release|Any CPU
		{195E78C6-42DB-4C7C-887E-BC0A32455C91}.Release|Any CPU.Build.0 = Release|Any CPU
		{7061A58E-3149-4749-AE9A-B12CB81692D8}.Debug|Any CPU.ActiveCfg = Debug|Any CPU
		{7061A58E-3149-4749-AE9A-B12CB81692D8}.Debug|Any CPU.Build.0 = Debug|Any CPU
		{7061A58E-3149-4749-AE9A-B12CB81692D8}.Release|Any CPU.ActiveCfg = Release|Any CPU
		{7061A58E-3149-4749-AE9A-B12CB81692D8}.Release|Any CPU.Build.0 = Release|Any CPU
	EndGlobalSection
	GlobalSection(SolutionProperties) = preSolution
		HideSolutionNode = FALSE
	EndGlobalSection
	GlobalSection(ExtensibilityGlobals) = postSolution
		SolutionGuid = {CB36735A-2FA5-4300-8E29-B933BA20719A}
	EndGlobalSection
EndGlobal
